// !$*UTF8*$!
{
	archiveVersion = 1;
	classes = {
	};
	objectVersion = 46;
	objects = {

/* Begin PBXBuildFile section */
		740EF2031AAF061E0051B46F /* LunchAddItemViewController.swift in Sources */ = {isa = PBXBuildFile; fileRef = 740EF2021AAF061E0051B46F /* LunchAddItemViewController.swift */; };
		74A942AC1AB0623400704A4B /* Launch Screen.xib in Resources */ = {isa = PBXBuildFile; fileRef = 74A942AB1AB0623400704A4B /* Launch Screen.xib */; };
		74A9C96E1AADE51C000C568B /* AppDelegate.swift in Sources */ = {isa = PBXBuildFile; fileRef = 74A9C96D1AADE51C000C568B /* AppDelegate.swift */; };
		74A9C9731AADE51C000C568B /* Main.storyboard in Resources */ = {isa = PBXBuildFile; fileRef = 74A9C9711AADE51C000C568B /* Main.storyboard */; };
		74A9C9751AADE51C000C568B /* Images.xcassets in Resources */ = {isa = PBXBuildFile; fileRef = 74A9C9741AADE51C000C568B /* Images.xcassets */; };
		74A9C9781AADE51C000C568B /* LaunchScreen.xib in Resources */ = {isa = PBXBuildFile; fileRef = 74A9C9761AADE51C000C568B /* LaunchScreen.xib */; };
		74A9C9841AADE51C000C568B /* LunchTests.swift in Sources */ = {isa = PBXBuildFile; fileRef = 74A9C9831AADE51C000C568B /* LunchTests.swift */; };
		74BF71301AADF00700615D82 /* LunchTableViewController.swift in Sources */ = {isa = PBXBuildFile; fileRef = 74BF712F1AADF00700615D82 /* LunchTableViewController.swift */; };
		74BF71321AADF31200615D82 /* LunchItem.swift in Sources */ = {isa = PBXBuildFile; fileRef = 74BF71311AADF31200615D82 /* LunchItem.swift */; };
/* End PBXBuildFile section */

/* Begin PBXContainerItemProxy section */
		74A9C97E1AADE51C000C568B /* PBXContainerItemProxy */ = {
			isa = PBXContainerItemProxy;
			containerPortal = 74A9C9601AADE51C000C568B /* Project object */;
			proxyType = 1;
			remoteGlobalIDString = 74A9C9671AADE51C000C568B;
			remoteInfo = Lunch;
		};
/* End PBXContainerItemProxy section */

/* Begin PBXFileReference section */
		740EF2021AAF061E0051B46F /* LunchAddItemViewController.swift */ = {isa = PBXFileReference; fileEncoding = 4; lastKnownFileType = sourcecode.swift; path = LunchAddItemViewController.swift; sourceTree = "<group>"; };
		74A942AB1AB0623400704A4B /* Launch Screen.xib */ = {isa = PBXFileReference; fileEncoding = 4; lastKnownFileType = file.xib; path = "Launch Screen.xib"; sourceTree = "<group>"; };
		74A9C9681AADE51C000C568B /* Lunch.app */ = {isa = PBXFileReference; explicitFileType = wrapper.application; includeInIndex = 0; path = Lunch.app; sourceTree = BUILT_PRODUCTS_DIR; };
		74A9C96C1AADE51C000C568B /* Info.plist */ = {isa = PBXFileReference; lastKnownFileType = text.plist.xml; path = Info.plist; sourceTree = "<group>"; };
		74A9C96D1AADE51C000C568B /* AppDelegate.swift */ = {isa = PBXFileReference; lastKnownFileType = sourcecode.swift; path = AppDelegate.swift; sourceTree = "<group>"; };
		74A9C9721AADE51C000C568B /* Base */ = {isa = PBXFileReference; lastKnownFileType = file.storyboard; name = Base; path = Base.lproj/Main.storyboard; sourceTree = "<group>"; };
		74A9C9741AADE51C000C568B /* Images.xcassets */ = {isa = PBXFileReference; lastKnownFileType = folder.assetcatalog; path = Images.xcassets; sourceTree = "<group>"; };
		74A9C9771AADE51C000C568B /* Base */ = {isa = PBXFileReference; lastKnownFileType = file.xib; name = Base; path = Base.lproj/LaunchScreen.xib; sourceTree = "<group>"; };
		74A9C97D1AADE51C000C568B /* LunchTests.xctest */ = {isa = PBXFileReference; explicitFileType = wrapper.cfbundle; includeInIndex = 0; path = LunchTests.xctest; sourceTree = BUILT_PRODUCTS_DIR; };
		74A9C9821AADE51C000C568B /* Info.plist */ = {isa = PBXFileReference; lastKnownFileType = text.plist.xml; path = Info.plist; sourceTree = "<group>"; };
		74A9C9831AADE51C000C568B /* LunchTests.swift */ = {isa = PBXFileReference; lastKnownFileType = sourcecode.swift; path = LunchTests.swift; sourceTree = "<group>"; };
		74BF712F1AADF00700615D82 /* LunchTableViewController.swift */ = {isa = PBXFileReference; fileEncoding = 4; lastKnownFileType = sourcecode.swift; path = LunchTableViewController.swift; sourceTree = "<group>"; };
		74BF71311AADF31200615D82 /* LunchItem.swift */ = {isa = PBXFileReference; fileEncoding = 4; lastKnownFileType = sourcecode.swift; path = LunchItem.swift; sourceTree = "<group>"; };
/* End PBXFileReference section */

/* Begin PBXFrameworksBuildPhase section */
		74A9C9651AADE51C000C568B /* Frameworks */ = {
			isa = PBXFrameworksBuildPhase;
			buildActionMask = 2147483647;
			files = (
			);
			runOnlyForDeploymentPostprocessing = 0;
		};
		74A9C97A1AADE51C000C568B /* Frameworks */ = {
			isa = PBXFrameworksBuildPhase;
			buildActionMask = 2147483647;
			files = (
			);
			runOnlyForDeploymentPostprocessing = 0;
		};
/* End PBXFrameworksBuildPhase section */

/* Begin PBXGroup section */
		74A9C95F1AADE51C000C568B = {
			isa = PBXGroup;
			children = (
				74A9C96A1AADE51C000C568B /* Lunch */,
				74A9C9801AADE51C000C568B /* LunchTests */,
				74A9C9691AADE51C000C568B /* Products */,
			);
			sourceTree = "<group>";
		};
		74A9C9691AADE51C000C568B /* Products */ = {
			isa = PBXGroup;
			children = (
				74A9C9681AADE51C000C568B /* Lunch.app */,
				74A9C97D1AADE51C000C568B /* LunchTests.xctest */,
			);
			name = Products;
			sourceTree = "<group>";
		};
		74A9C96A1AADE51C000C568B /* Lunch */ = {
			isa = PBXGroup;
			children = (
				74BF712E1AADED5900615D82 /* Controllers */,
				74BF712D1AADED4F00615D82 /* View */,
				74BF712C1AADED2F00615D82 /* Model */,
				74A9C96D1AADE51C000C568B /* AppDelegate.swift */,
				74A9C9741AADE51C000C568B /* Images.xcassets */,
				74A9C9761AADE51C000C568B /* LaunchScreen.xib */,
				74A9C96B1AADE51C000C568B /* Supporting Files */,
			);
			path = Lunch;
			sourceTree = "<group>";
		};
		74A9C96B1AADE51C000C568B /* Supporting Files */ = {
			isa = PBXGroup;
			children = (
				74A9C96C1AADE51C000C568B /* Info.plist */,
			);
			name = "Supporting Files";
			sourceTree = "<group>";
		};
		74A9C9801AADE51C000C568B /* LunchTests */ = {
			isa = PBXGroup;
			children = (
				74A9C9831AADE51C000C568B /* LunchTests.swift */,
				74A9C9811AADE51C000C568B /* Supporting Files */,
			);
			path = LunchTests;
			sourceTree = "<group>";
		};
		74A9C9811AADE51C000C568B /* Supporting Files */ = {
			isa = PBXGroup;
			children = (
				74A9C9821AADE51C000C568B /* Info.plist */,
			);
			name = "Supporting Files";
			sourceTree = "<group>";
		};
		74BF712C1AADED2F00615D82 /* Model */ = {
			isa = PBXGroup;
			children = (
				74BF71311AADF31200615D82 /* LunchItem.swift */,
			);
			name = Model;
			sourceTree = "<group>";
		};
		74BF712D1AADED4F00615D82 /* View */ = {
			isa = PBXGroup;
			children = (
				74A9C9711AADE51C000C568B /* Main.storyboard */,
				74A942AB1AB0623400704A4B /* Launch Screen.xib */,
			);
			name = View;
			sourceTree = "<group>";
		};
		74BF712E1AADED5900615D82 /* Controllers */ = {
			isa = PBXGroup;
			children = (
				74BF712F1AADF00700615D82 /* LunchTableViewController.swift */,
				740EF2021AAF061E0051B46F /* LunchAddItemViewController.swift */,
			);
			name = Controllers;
			sourceTree = "<group>";
		};
/* End PBXGroup section */

/* Begin PBXNativeTarget section */
		74A9C9671AADE51C000C568B /* Lunch */ = {
			isa = PBXNativeTarget;
			buildConfigurationList = 74A9C9871AADE51C000C568B /* Build configuration list for PBXNativeTarget "Lunch" */;
			buildPhases = (
				74A9C9641AADE51C000C568B /* Sources */,
				74A9C9651AADE51C000C568B /* Frameworks */,
				74A9C9661AADE51C000C568B /* Resources */,
			);
			buildRules = (
			);
			dependencies = (
			);
			name = Lunch;
			productName = Lunch;
			productReference = 74A9C9681AADE51C000C568B /* Lunch.app */;
			productType = "com.apple.product-type.application";
		};
		74A9C97C1AADE51C000C568B /* LunchTests */ = {
			isa = PBXNativeTarget;
			buildConfigurationList = 74A9C98A1AADE51C000C568B /* Build configuration list for PBXNativeTarget "LunchTests" */;
			buildPhases = (
				74A9C9791AADE51C000C568B /* Sources */,
				74A9C97A1AADE51C000C568B /* Frameworks */,
				74A9C97B1AADE51C000C568B /* Resources */,
			);
			buildRules = (
			);
			dependencies = (
				74A9C97F1AADE51C000C568B /* PBXTargetDependency */,
			);
			name = LunchTests;
			productName = LunchTests;
			productReference = 74A9C97D1AADE51C000C568B /* LunchTests.xctest */;
			productType = "com.apple.product-type.bundle.unit-test";
		};
/* End PBXNativeTarget section */

/* Begin PBXProject section */
		74A9C9601AADE51C000C568B /* Project object */ = {
			isa = PBXProject;
			attributes = {
				LastUpgradeCheck = 0610;
				ORGANIZATIONNAME = jona;
				TargetAttributes = {
					74A9C9671AADE51C000C568B = {
						CreatedOnToolsVersion = 6.1.1;
						DevelopmentTeam = 79R656THU8;
					};
					74A9C97C1AADE51C000C568B = {
						CreatedOnToolsVersion = 6.1.1;
						TestTargetID = 74A9C9671AADE51C000C568B;
					};
				};
			};
			buildConfigurationList = 74A9C9631AADE51C000C568B /* Build configuration list for PBXProject "Lunch" */;
			compatibilityVersion = "Xcode 3.2";
			developmentRegion = English;
			hasScannedForEncodings = 0;
			knownRegions = (
				en,
				Base,
			);
			mainGroup = 74A9C95F1AADE51C000C568B;
			productRefGroup = 74A9C9691AADE51C000C568B /* Products */;
			projectDirPath = "";
			projectRoot = "";
			targets = (
				74A9C9671AADE51C000C568B /* Lunch */,
				74A9C97C1AADE51C000C568B /* LunchTests */,
			);
		};
/* End PBXProject section */

/* Begin PBXResourcesBuildPhase section */
		74A9C9661AADE51C000C568B /* Resources */ = {
			isa = PBXResourcesBuildPhase;
			buildActionMask = 2147483647;
			files = (
				74A9C9731AADE51C000C568B /* Main.storyboard in Resources */,
				74A942AC1AB0623400704A4B /* Launch Screen.xib in Resources */,
				74A9C9781AADE51C000C568B /* LaunchScreen.xib in Resources */,
				74A9C9751AADE51C000C568B /* Images.xcassets in Resources */,
			);
			runOnlyForDeploymentPostprocessing = 0;
		};
		74A9C97B1AADE51C000C568B /* Resources */ = {
			isa = PBXResourcesBuildPhase;
			buildActionMask = 2147483647;
			files = (
			);
			runOnlyForDeploymentPostprocessing = 0;
		};
/* End PBXResourcesBuildPhase section */

/* Begin PBXSourcesBuildPhase section */
		74A9C9641AADE51C000C568B /* Sources */ = {
			isa = PBXSourcesBuildPhase;
			buildActionMask = 2147483647;
			files = (
				740EF2031AAF061E0051B46F /* LunchAddItemViewController.swift in Sources */,
				74BF71301AADF00700615D82 /* LunchTableViewController.swift in Sources */,
				74BF71321AADF31200615D82 /* LunchItem.swift in Sources */,
				74A9C96E1AADE51C000C568B /* AppDelegate.swift in Sources */,
			);
			runOnlyForDeploymentPostprocessing = 0;
		};
		74A9C9791AADE51C000C568B /* Sources */ = {
			isa = PBXSourcesBuildPhase;
			buildActionMask = 2147483647;
			files = (
				74A9C9841AADE51C000C568B /* LunchTests.swift in Sources */,
			);
			runOnlyForDeploymentPostprocessing = 0;
		};
/* End PBXSourcesBuildPhase section */

/* Begin PBXTargetDependency section */
		74A9C97F1AADE51C000C568B /* PBXTargetDependency */ = {
			isa = PBXTargetDependency;
			target = 74A9C9671AADE51C000C568B /* Lunch */;
			targetProxy = 74A9C97E1AADE51C000C568B /* PBXContainerItemProxy */;
		};
/* End PBXTargetDependency section */

/* Begin PBXVariantGroup section */
		74A9C9711AADE51C000C568B /* Main.storyboard */ = {
			isa = PBXVariantGroup;
			children = (
				74A9C9721AADE51C000C568B /* Base */,
			);
			name = Main.storyboard;
			sourceTree = "<group>";
		};
		74A9C9761AADE51C000C568B /* LaunchScreen.xib */ = {
			isa = PBXVariantGroup;
			children = (
				74A9C9771AADE51C000C568B /* Base */,
			);
			name = LaunchScreen.xib;
			sourceTree = "<group>";
		};
/* End PBXVariantGroup section */

/* Begin XCBuildConfiguration section */
		74A9C9851AADE51C000C568B /* Debug */ = {
			isa = XCBuildConfiguration;
			buildSettings = {
				ALWAYS_SEARCH_USER_PATHS = NO;
				CLANG_CXX_LANGUAGE_STANDARD = "gnu++0x";
				CLANG_CXX_LIBRARY = "libc++";
				CLANG_ENABLE_MODULES = YES;
				CLANG_ENABLE_OBJC_ARC = YES;
				CLANG_WARN_BOOL_CONVERSION = YES;
				CLANG_WARN_CONSTANT_CONVERSION = YES;
				CLANG_WARN_DIRECT_OBJC_ISA_USAGE = YES_ERROR;
				CLANG_WARN_EMPTY_BODY = YES;
				CLANG_WARN_ENUM_CONVERSION = YES;
				CLANG_WARN_INT_CONVERSION = YES;
				CLANG_WARN_OBJC_ROOT_CLASS = YES_ERROR;
				CLANG_WARN_UNREACHABLE_CODE = YES;
				CLANG_WARN__DUPLICATE_METHOD_MATCH = YES;
				"CODE_SIGN_IDENTITY[sdk=iphoneos*]" = "iPhone Developer";
				COPY_PHASE_STRIP = NO;
				ENABLE_STRICT_OBJC_MSGSEND = YES;
				GCC_C_LANGUAGE_STANDARD = gnu99;
				GCC_DYNAMIC_NO_PIC = NO;
				GCC_OPTIMIZATION_LEVEL = 0;
				GCC_PREPROCESSOR_DEFINITIONS = (
					"DEBUG=1",
					"$(inherited)",
				);
				GCC_SYMBOLS_PRIVATE_EXTERN = NO;
				GCC_WARN_64_TO_32_BIT_CONVERSION = YES;
				GCC_WARN_ABOUT_RETURN_TYPE = YES_ERROR;
				GCC_WARN_UNDECLARED_SELECTOR = YES;
				GCC_WARN_UNINITIALIZED_AUTOS = YES_AGGRESSIVE;
				GCC_WARN_UNUSED_FUNCTION = YES;
				GCC_WARN_UNUSED_VARIABLE = YES;
				IPHONEOS_DEPLOYMENT_TARGET = 8.1;
				MTL_ENABLE_DEBUG_INFO = YES;
				ONLY_ACTIVE_ARCH = YES;
				SDKROOT = iphoneos;
				SWIFT_OPTIMIZATION_LEVEL = "-Onone";
			};
			name = Debug;
		};
		74A9C9861AADE51C000C568B /* Release */ = {
			isa = XCBuildConfiguration;
			buildSettings = {
				ALWAYS_SEARCH_USER_PATHS = NO;
				CLANG_CXX_LANGUAGE_STANDARD = "gnu++0x";
				CLANG_CXX_LIBRARY = "libc++";
				CLANG_ENABLE_MODULES = YES;
				CLANG_ENABLE_OBJC_ARC = YES;
				CLANG_WARN_BOOL_CONVERSION = YES;
				CLANG_WARN_CONSTANT_CONVERSION = YES;
				CLANG_WARN_DIRECT_OBJC_ISA_USAGE = YES_ERROR;
				CLANG_WARN_EMPTY_BODY = YES;
				CLANG_WARN_ENUM_CONVERSION = YES;
				CLANG_WARN_INT_CONVERSION = YES;
				CLANG_WARN_OBJC_ROOT_CLASS = YES_ERROR;
				CLANG_WARN_UNREACHABLE_CODE = YES;
				CLANG_WARN__DUPLICATE_METHOD_MATCH = YES;
				"CODE_SIGN_IDENTITY[sdk=iphoneos*]" = "iPhone Developer";
				COPY_PHASE_STRIP = YES;
				ENABLE_NS_ASSERTIONS = NO;
				ENABLE_STRICT_OBJC_MSGSEND = YES;
				GCC_C_LANGUAGE_STANDARD = gnu99;
				GCC_WARN_64_TO_32_BIT_CONVERSION = YES;
				GCC_WARN_ABOUT_RETURN_TYPE = YES_ERROR;
				GCC_WARN_UNDECLARED_SELECTOR = YES;
				GCC_WARN_UNINITIALIZED_AUTOS = YES_AGGRESSIVE;
				GCC_WARN_UNUSED_FUNCTION = YES;
				GCC_WARN_UNUSED_VARIABLE = YES;
				IPHONEOS_DEPLOYMENT_TARGET = 8.1;
				MTL_ENABLE_DEBUG_INFO = NO;
				SDKROOT = iphoneos;
				VALIDATE_PRODUCT = YES;
			};
			name = Release;
		};
		74A9C9881AADE51C000C568B /* Debug */ = {
			isa = XCBuildConfiguration;
			buildSettings = {
				ASSETCATALOG_COMPILER_APPICON_NAME = AppIcon;
				CODE_SIGN_IDENTITY = "iPhone Developer";
				"CODE_SIGN_IDENTITY[sdk=iphoneos*]" = "iPhone Developer";
				INFOPLIST_FILE = Lunch/Info.plist;
				IPHONEOS_DEPLOYMENT_TARGET = 8.1;
				LD_RUNPATH_SEARCH_PATHS = "$(inherited) @executable_path/Frameworks";
				PRODUCT_NAME = "$(TARGET_NAME)";
				PROVISIONING_PROFILE = "";
			};
			name = Debug;
		};
		74A9C9891AADE51C000C568B /* Release */ = {
			isa = XCBuildConfiguration;
			buildSettings = {
				ASSETCATALOG_COMPILER_APPICON_NAME = AppIcon;
				CODE_SIGN_IDENTITY = "iPhone Developer";
				"CODE_SIGN_IDENTITY[sdk=iphoneos*]" = "iPhone Developer";
				INFOPLIST_FILE = Lunch/Info.plist;
				IPHONEOS_DEPLOYMENT_TARGET = 8.1;
				LD_RUNPATH_SEARCH_PATHS = "$(inherited) @executable_path/Frameworks";
				PRODUCT_NAME = "$(TARGET_NAME)";
				PROVISIONING_PROFILE = "";
			};
			name = Release;
		};
		74A9C98B1AADE51C000C568B /* Debug */ = {
			isa = XCBuildConfiguration;
			buildSettings = {
				BUNDLE_LOADER = "$(TEST_HOST)";
				FRAMEWORK_SEARCH_PATHS = (
					"$(SDKROOT)/Developer/Library/Frameworks",
					"$(inherited)",
				);
				GCC_PREPROCESSOR_DEFINITIONS = (
					"DEBUG=1",
					"$(inherited)",
				);
				INFOPLIST_FILE = LunchTests/Info.plist;
				LD_RUNPATH_SEARCH_PATHS = "$(inherited) @executable_path/Frameworks @loader_path/Frameworks";
				PRODUCT_NAME = "$(TARGET_NAME)";
				TEST_HOST = "$(BUILT_PRODUCTS_DIR)/Lunch.app/Lunch";
			};
			name = Debug;
		};
		74A9C98C1AADE51C000C568B /* Release */ = {
			isa = XCBuildConfiguration;
			buildSettings = {
				BUNDLE_LOADER = "$(TEST_HOST)";
				FRAMEWORK_SEARCH_PATHS = (
					"$(SDKROOT)/Developer/Library/Frameworks",
					"$(inherited)",
				);
				INFOPLIST_FILE = LunchTests/Info.plist;
				LD_RUNPATH_SEARCH_PATHS = "$(inherited) @executable_path/Frameworks @loader_path/Frameworks";
				PRODUCT_NAME = "$(TARGET_NAME)";
				TEST_HOST = "$(BUILT_PRODUCTS_DIR)/Lunch.app/Lunch";
			};
			name = Release;
		};
/* End XCBuildConfiguration section */

/* Begin XCConfigurationList section */
		74A9C9631AADE51C000C568B /* Build configuration list for PBXProject "Lunch" */ = {
			isa = XCConfigurationList;
			buildConfigurations = (
				74A9C9851AADE51C000C568B /* Debug */,
				74A9C9861AADE51C000C568B /* Release */,
			);
			defaultConfigurationIsVisible = 0;
			defaultConfigurationName = Release;
		};
		74A9C9871AADE51C000C568B /* Build configuration list for PBXNativeTarget "Lunch" */ = {
			isa = XCConfigurationList;
			buildConfigurations = (
				74A9C9881AADE51C000C568B /* Debug */,
				74A9C9891AADE51C000C568B /* Release */,
			);
			defaultConfigurationIsVisible = 0;
			defaultConfigurationName = Release;
		};
		74A9C98A1AADE51C000C568B /* Build configuration list for PBXNativeTarget "LunchTests" */ = {
			isa = XCConfigurationList;
			buildConfigurations = (
				74A9C98B1AADE51C000C568B /* Debug */,
				74A9C98C1AADE51C000C568B /* Release */,
			);
			defaultConfigurationIsVisible = 0;
			defaultConfigurationName = Release;
		};
/* End XCConfigurationList section */
	};
	rootObject = 74A9C9601AADE51C000C568B /* Project object */;
}
